
Microsoft Visual Studio Solution File, Format Version 12.00
# Visual Studio Version 16
VisualStudioVersion = 16.0.30320.27
MinimumVisualStudioVersion = 10.0.40219.1
Project("{2150E333-8FDC-42A3-9474-1A3956D46DE8}") = "src", "src", "{CDE743F2-575D-4273-A900-AFE7B1F368C7}"
EndProject
Project("{9A19103F-16F7-4668-BE54-9A1E7A4F7556}") = "Web", "src\Web\Web.csproj", "{7D97A230-846B-489A-8641-B993ED0694BA}"
EndProject
Global
	GlobalSection(SolutionConfigurationPlatforms) = preSolution
		Debug|Any CPU = Debug|Any CPU
		Release|Any CPU = Release|Any CPU
	EndGlobalSection
	GlobalSection(ProjectConfigurationPlatforms) = postSolution
		{7D97A230-846B-489A-8641-B993ED0694BA}.Debug|Any CPU.ActiveCfg = Debug|Any CPU
		{7D97A230-846B-489A-8641-B993ED0694BA}.Debug|Any CPU.Build.0 = Debug|Any CPU
		{7D97A230-846B-489A-8641-B993ED0694BA}.Release|Any CPU.ActiveCfg = Release|Any CPU
		{7D97A230-846B-489A-8641-B993ED0694BA}.Release|Any CPU.Build.0 = Release|Any CPU
	EndGlobalSection
	GlobalSection(SolutionProperties) = preSolution
		HideSolutionNode = FALSE
	EndGlobalSection
	GlobalSection(NestedProjects) = preSolution
		{7D97A230-846B-489A-8641-B993ED0694BA} = {CDE743F2-575D-4273-A900-AFE7B1F368C7}
	EndGlobalSection
	GlobalSection(ExtensibilityGlobals) = postSolution
		SolutionGuid = {A872F6D3-DA5C-41D3-B782-19DA266EEF31}
	EndGlobalSection
EndGlobal
